# This file is automatically @generated by Poetry 1.8.3 and should not be changed by hand.

[[package]]
name = "poetry-core"
version = "1.9.1"
description = "Poetry PEP 517 Build Backend"
optional = false
python-versions = "<4.0,>=3.8"
files = [
    {file = "poetry_core-1.9.1-py3-none-any.whl", hash = "sha256:6f45dd3598e0de8d9b0367360253d4c5d4d0110c8f5c71120a14f0e0f116c1a0"},
    {file = "poetry_core-1.9.1.tar.gz", hash = "sha256:7a2d49214bf58b4f17f99d6891d947a9836c9899a67a5069f52d7b67217f61b8"},
]

[metadata]
lock-version = "2.0"
python-versions = ">=3.9,<4.0.0"
content-hash = "07ac5b6df21285b34ef14be0c8ad2467701926876a25fce627798d9d5be51f4a"
